
Microsoft Visual Studio Solution File, Format Version 12.00
# Visual Studio Version 17
VisualStudioVersion = 17.8.34316.72
MinimumVisualStudioVersion = 10.0.40219.1
Project("{9A19103F-16F7-4668-BE54-9A1E7A4F7556}") = "lgp1985.Azure.Functions.Worker.FunctionContextAccessorHelper", "D:\Users\lgp19\Source\repos\lgp1985.FunctionContextAccessor\lgp1985.Azure.Functions.Worker.FunctionContextAccessorHelper\lgp1985.Azure.Functions.Worker.FunctionContextAccessorHelper.csproj", "{6183577D-3EAC-43CC-A1D0-785DF5B0CBCB}"
EndProject
Global
	GlobalSection(SolutionConfigurationPlatforms) = preSolution
		Debug|Any CPU = Debug|Any CPU
		Release|Any CPU = Release|Any CPU
	EndGlobalSection
	GlobalSection(ProjectConfigurationPlatforms) = postSolution
		{6183577D-3EAC-43CC-A1D0-785DF5B0CBCB}.Debug|Any CPU.ActiveCfg = Debug|Any CPU
		{6183577D-3EAC-43CC-A1D0-785DF5B0CBCB}.Debug|Any CPU.Build.0 = Debug|Any CPU
		{6183577D-3EAC-43CC-A1D0-785DF5B0CBCB}.Release|Any CPU.ActiveCfg = Release|Any CPU
		{6183577D-3EAC-43CC-A1D0-785DF5B0CBCB}.Release|Any CPU.Build.0 = Release|Any CPU
	EndGlobalSection
	GlobalSection(SolutionProperties) = preSolution
		HideSolutionNode = FALSE
	EndGlobalSection
	GlobalSection(ExtensibilityGlobals) = postSolution
		SolutionGuid = {12822049-8AE4-4170-AEE2-27A0126DC3AC}
	EndGlobalSection
EndGlobal
